# THIS IS AN AUTOGENERATED FILE. DO NOT EDIT THIS FILE DIRECTLY.
# yarn lockfile v1


"@hotwired/stimulus@^3.0.1":
  version "3.1.0"
  resolved "https://registry.yarnpkg.com/@hotwired/stimulus/-/stimulus-3.1.0.tgz#20215251e5afe6e0a3787285181ba1bfc9097df0"
  integrity sha512-iDMHUhiEJ1xFeicyHcZQQgBzhtk5mPR0QZO3L6wtqzMsJEk2TKECuCQTGKjm+KJTHVY0dKq1dOOAWvODjpd2Mg==

"@rails/ujs@6.0.1":
  version "6.0.1"
  resolved "https://registry.yarnpkg.com/@rails/ujs/-/ujs-6.0.1.tgz#5eb013bd7f18a1cc7c314602d3b4d68302e20b60"
  integrity sha512-IwUGMGke2u5W/hkJLOSU5xcQT3Y0gjIdiEsG27kHyLvsPOzdABKeAD8l37j6romhzeCmM56Wv52OGqSueUmyig==

babel-runtime@^6.11.6:
  version "6.26.0"
  resolved "https://registry.yarnpkg.com/babel-runtime/-/babel-runtime-6.26.0.tgz#965c7058668e82b55d7bfe04ff2337bc8b5647fe"
  integrity sha512-ITKNuq2wKlW1fJg9sSW52eepoYgZBggvOAHC0u/CYu/qxQ9EVzThCgR69BnSXLHjy2f7SY5zaQ4yt7H9ZVxY2g==
  dependencies:
    core-js "^2.4.0"
    regenerator-runtime "^0.11.0"

clipboard@^2.0.8:
  version "2.0.11"
  resolved "https://registry.yarnpkg.com/clipboard/-/clipboard-2.0.11.tgz#62180360b97dd668b6b3a84ec226975762a70be5"
  integrity sha512-C+0bbOqkezLIsmWSvlsXS0Q0bmkugu7jcfMIACB+RDEntIzQIkdr148we28AfSloQLRdZlYL/QYyrq05j/3Faw==
  dependencies:
    good-listener "^1.2.2"
    select "^1.1.2"
    tiny-emitter "^2.0.0"

core-js@^2.4.0:
  version "2.6.12"
  resolved "https://registry.yarnpkg.com/core-js/-/core-js-2.6.12.tgz#d9333dfa7b065e347cc5682219d6f690859cc2ec"
  integrity sha512-Kb2wC0fvsWfQrgk8HU5lW6U/Lcs8+9aaYcy4ZFc6DDlo4nZ7n70dEgE5rtR0oG6ufKDUnrwfWL1mXR5ljDatrQ==

date-input-polyfill@^2.14.0:
  version "2.14.0"
  resolved "https://registry.yarnpkg.com/date-input-polyfill/-/date-input-polyfill-2.14.0.tgz#9b2e569effc525796101d3199b9ae731c8a50e12"
  integrity sha512-LUfuBYYlayDyBbQCIMN1RyrDaTmy5pa3u3jIDoWTXk/7tPgOajZczjWZA2ITd/+lbhtUBM6fhT+Grxs1yYATVA==
  dependencies:
    babel-runtime "^6.11.6"

delegate@^3.1.2:
  version "3.2.0"
  resolved "https://registry.yarnpkg.com/delegate/-/delegate-3.2.0.tgz#b66b71c3158522e8ab5744f720d8ca0c2af59166"
  integrity sha512-IofjkYBZaZivn0V8nnsMJGBr4jVLxHDheKSW88PyxS5QC4Vo9ZbZVvhzlSxY87fVq3STR6r+4cGepyHkcWOQSw==

froala-editor@^4.0.8:
  version "4.0.13"
  resolved "https://registry.yarnpkg.com/froala-editor/-/froala-editor-4.0.13.tgz#cfdbdf4e56727d6429f4c513b9873d99c01e070a"
  integrity sha512-1yWrnONJ080aBwifhwEGBd6K1V0HLg0aoZmxbTwKyf5G4JOssTdmNL+37qjxp7ZJd+ZH9ceFeeZ9gP+MGvFwJA==

good-listener@^1.2.2:
  version "1.2.2"
  resolved "https://registry.yarnpkg.com/good-listener/-/good-listener-1.2.2.tgz#d53b30cdf9313dffb7dc9a0d477096aa6d145c50"
  integrity sha512-goW1b+d9q/HIwbVYZzZ6SsTr4IgE+WA44A0GmPIQstuOrgsFcT7VEJ48nmr9GaRtNu0XTKacFLGnBPAM6Afouw==
  dependencies:
    delegate "^3.1.2"

normalizecss@^3.0.0:
  version "3.0.0"
  resolved "https://registry.yarnpkg.com/normalizecss/-/normalizecss-3.0.0.tgz#d6c3d3861c98214573285a98adfc98d176ef1023"
  integrity sha512-b4/p3rTV73tK0mCjCmdMudQXoOyNIPtMCbUeMXYHTtUiSkYNdW+u0Np2MW482cE5CzFbE1lldYNxRhFPOXrRUw==

regenerator-runtime@^0.11.0:
  version "0.11.1"
  resolved "https://registry.yarnpkg.com/regenerator-runtime/-/regenerator-runtime-0.11.1.tgz#be05ad7f9bf7d22e056f9726cee5017fbf19e2e9"
  integrity sha512-MguG95oij0fC3QV3URf4V2SDYGJhJnJGqvIIgdECeODCT98wSWDAJ94SSuVpYQUoTcGUIL6L4yNB7j1DFFHSBg==

select@^1.1.2:
  version "1.1.2"
  resolved "https://registry.yarnpkg.com/select/-/select-1.1.2.tgz#0e7350acdec80b1108528786ec1d4418d11b396d"
  integrity sha512-OwpTSOfy6xSs1+pwcNrv0RBMOzI39Lp3qQKUTPVVPRjCdNa5JH/oPRiqsesIskK8TVgmRiHwO4KXlV2Li9dANA==

tiny-emitter@^2.0.0:
  version "2.1.0"
  resolved "https://registry.yarnpkg.com/tiny-emitter/-/tiny-emitter-2.1.0.tgz#1d1a56edfc51c43e863cbb5382a72330e3555423"
  integrity sha512-NB6Dk1A9xgQPMoGqC5CVXn123gWyte215ONT5Pp5a0yt4nlEoO1ZWeCwpncaekPHXO60i47ihFnZPiRPjRMq4Q==

zxcvbn@^4.4.2:
  version "4.4.2"
  resolved "https://registry.yarnpkg.com/zxcvbn/-/zxcvbn-4.4.2.tgz#28ec17cf09743edcab056ddd8b1b06262cc73c30"
  integrity sha512-Bq0B+ixT/DMyG8kgX2xWcI5jUvCwqrMxSFam7m0lAf78nf04hv6lNCsyLYdyYTrCVMqNDY/206K7eExYCeSyUQ==
